{
  "version": 4,
  "terraform_version": "1.3.7",
  "serial": 3,
  "lineage": "5077b523-c7a7-45a3-ae80-fc80c268251a",
  "outputs": {},
  "resources": [
    {
      "mode": "managed",
      "type": "local_file",
      "name": "blues",
      "provider": "provider[\"registry.terraform.io/hashicorp/local\"]",
      "instances": [
        {
          "schema_version": 0,
          "attributes": {
            "content": "we love blue",
            "content_base64": null,
            "content_base64sha256": "AJW/LdidJIYgt40X0H6ox6HnElSynaJJ5RpX9V+/t5Y=",
            "content_base64sha512": "iULwL1Gg8erLfb0bULJm/DpjB3O8RzhBhu3X1Tz72NbIT/yHMZK6WDbteOaEGRExkIQJ5Xwach9VKKKq2pnalA==",
            "content_md5": "ea42d3eb4b1c1c5733a67337d859527c",
            "content_sha1": "60a39eb4d6033f80a519ddad6ebcd25c52e249b4",
            "content_sha256": "0095bf2dd89d248620b78d17d07ea8c7a1e71254b29da249e51a57f55fbfb796",
            "content_sha512": "8942f02f51a0f1eacb7dbd1b50b266fc3a630773bc47384186edd7d53cfbd8d6c84ffc873192ba5836ed78e684191131908409e57c1a721f5528a2aada99da94",
            "directory_permission": "0777",
            "file_permission": "0777",
            "filename": "/roots/blue.txt",
            "id": "60a39eb4d6033f80a519ddad6ebcd25c52e249b4",
            "sensitive_content": null,
            "source": null
          },
          "sensitive_attributes": []
        }
      ]
    },
    {
      "mode": "managed",
      "type": "random_pet",
      "name": "my-blues",
      "provider": "provider[\"registry.terraform.io/hashicorp/random\"]",
      "instances": [
        {
          "schema_version": 0,
          "attributes": {
            "id": "master.wondrous.antelope",
            "keepers": null,
            "length": 2,
            "prefix": "master",
            "separator": "."
          },
          "sensitive_attributes": []
        }
      ]
    }
  ],
  "check_results": null
}
